// !$*UTF8*$!
{
	archiveVersion = 1;
	classes = {
	};
	objectVersion = 50;
	objects = {

/* Begin PBXBuildFile section */
		728A6E4925CE7F1E000ABD0D /* AppDelegate.swift in Sources */ = {isa = PBXBuildFile; fileRef = 728A6E4825CE7F1E000ABD0D /* AppDelegate.swift */; };
		728A6E4B25CE7F1E000ABD0D /* SceneDelegate.swift in Sources */ = {isa = PBXBuildFile; fileRef = 728A6E4A25CE7F1E000ABD0D /* SceneDelegate.swift */; };
		728A6E4D25CE7F1E000ABD0D /* ViewController.swift in Sources */ = {isa = PBXBuildFile; fileRef = 728A6E4C25CE7F1E000ABD0D /* ViewController.swift */; };
		728A6E5025CE7F1E000ABD0D /* Main.storyboard in Resources */ = {isa = PBXBuildFile; fileRef = 728A6E4E25CE7F1E000ABD0D /* Main.storyboard */; };
		728A6E5225CE7F20000ABD0D /* Assets.xcassets in Resources */ = {isa = PBXBuildFile; fileRef = 728A6E5125CE7F20000ABD0D /* Assets.xcassets */; };
		728A6E5525CE7F20000ABD0D /* LaunchScreen.storyboard in Resources */ = {isa = PBXBuildFile; fileRef = 728A6E5325CE7F20000ABD0D /* LaunchScreen.storyboard */; };
		728A6E5E25CEC0C2000ABD0D /* Models.swift in Sources */ = {isa = PBXBuildFile; fileRef = 728A6E5D25CEC0C2000ABD0D /* Models.swift */; };
/* End PBXBuildFile section */

/* Begin PBXFileReference section */
		728A6E4525CE7F1E000ABD0D /* JsonRequest.app */ = {isa = PBXFileReference; explicitFileType = wrapper.application; includeInIndex = 0; path = JsonRequest.app; sourceTree = BUILT_PRODUCTS_DIR; };
		728A6E4825CE7F1E000ABD0D /* AppDelegate.swift */ = {isa = PBXFileReference; lastKnownFileType = sourcecode.swift; path = AppDelegate.swift; sourceTree = "<group>"; };
		728A6E4A25CE7F1E000ABD0D /* SceneDelegate.swift */ = {isa = PBXFileReference; lastKnownFileType = sourcecode.swift; path = SceneDelegate.swift; sourceTree = "<group>"; };
		728A6E4C25CE7F1E000ABD0D /* ViewController.swift */ = {isa = PBXFileReference; lastKnownFileType = sourcecode.swift; path = ViewController.swift; sourceTree = "<group>"; };
		728A6E4F25CE7F1E000ABD0D /* Base */ = {isa = PBXFileReference; lastKnownFileType = file.storyboard; name = Base; path = Base.lproj/Main.storyboard; sourceTree = "<group>"; };
		728A6E5125CE7F20000ABD0D /* Assets.xcassets */ = {isa = PBXFileReference; lastKnownFileType = folder.assetcatalog; path = Assets.xcassets; sourceTree = "<group>"; };
		728A6E5425CE7F20000ABD0D /* Base */ = {isa = PBXFileReference; lastKnownFileType = file.storyboard; name = Base; path = Base.lproj/LaunchScreen.storyboard; sourceTree = "<group>"; };
		728A6E5625CE7F20000ABD0D /* Info.plist */ = {isa = PBXFileReference; lastKnownFileType = text.plist.xml; path = Info.plist; sourceTree = "<group>"; };
		728A6E5D25CEC0C2000ABD0D /* Models.swift */ = {isa = PBXFileReference; lastKnownFileType = sourcecode.swift; path = Models.swift; sourceTree = "<group>"; };
/* End PBXFileReference section */

/* Begin PBXFrameworksBuildPhase section */
		728A6E4225CE7F1E000ABD0D /* Frameworks */ = {
			isa = PBXFrameworksBuildPhase;
			buildActionMask = 2147483647;
			files = (
			);
			runOnlyForDeploymentPostprocessing = 0;
		};
/* End PBXFrameworksBuildPhase section */

/* Begin PBXGroup section */
		728A6E3C25CE7F1E000ABD0D = {
			isa = PBXGroup;
			children = (
				728A6E4725CE7F1E000ABD0D /* JsonRequest */,
				728A6E4625CE7F1E000ABD0D /* Products */,
			);
			sourceTree = "<group>";
		};
		728A6E4625CE7F1E000ABD0D /* Products */ = {
			isa = PBXGroup;
			children = (
				728A6E4525CE7F1E000ABD0D /* JsonRequest.app */,
			);
			name = Products;
			sourceTree = "<group>";
		};
		728A6E4725CE7F1E000ABD0D /* JsonRequest */ = {
			isa = PBXGroup;
			children = (
				728A6E5D25CEC0C2000ABD0D /* Models.swift */,
				728A6E4C25CE7F1E000ABD0D /* ViewController.swift */,
				728A6E4E25CE7F1E000ABD0D /* Main.storyboard */,
				728A6E5125CE7F20000ABD0D /* Assets.xcassets */,
				728A6E4825CE7F1E000ABD0D /* AppDelegate.swift */,
				728A6E4A25CE7F1E000ABD0D /* SceneDelegate.swift */,
				728A6E5325CE7F20000ABD0D /* LaunchScreen.storyboard */,
				728A6E5625CE7F20000ABD0D /* Info.plist */,
			);
			path = JsonRequest;
			sourceTree = "<group>";
		};
/* End PBXGroup section */

/* Begin PBXNativeTarget section */
		728A6E4425CE7F1E000ABD0D /* JsonRequest */ = {
			isa = PBXNativeTarget;
			buildConfigurationList = 728A6E5925CE7F20000ABD0D /* Build configuration list for PBXNativeTarget "JsonRequest" */;
			buildPhases = (
				728A6E4125CE7F1E000ABD0D /* Sources */,
				728A6E4225CE7F1E000ABD0D /* Frameworks */,
				728A6E4325CE7F1E000ABD0D /* Resources */,
			);
			buildRules = (
			);
			dependencies = (
			);
			name = JsonRequest;
			productName = JsonRequest;
			productReference = 728A6E4525CE7F1E000ABD0D /* JsonRequest.app */;
			productType = "com.apple.product-type.application";
		};
/* End PBXNativeTarget section */

/* Begin PBXProject section */
		728A6E3D25CE7F1E000ABD0D /* Project object */ = {
			isa = PBXProject;
			attributes = {
				LastSwiftUpdateCheck = 1220;
				LastUpgradeCheck = 1220;
				TargetAttributes = {
					728A6E4425CE7F1E000ABD0D = {
						CreatedOnToolsVersion = 12.2;
					};
				};
			};
			buildConfigurationList = 728A6E4025CE7F1E000ABD0D /* Build configuration list for PBXProject "JsonRequest" */;
			compatibilityVersion = "Xcode 9.3";
			developmentRegion = en;
			hasScannedForEncodings = 0;
			knownRegions = (
				en,
				Base,
			);
			mainGroup = 728A6E3C25CE7F1E000ABD0D;
			productRefGroup = 728A6E4625CE7F1E000ABD0D /* Products */;
			projectDirPath = "";
			projectRoot = "";
			targets = (
				728A6E4425CE7F1E000ABD0D /* JsonRequest */,
			);
		};
/* End PBXProject section */

/* Begin PBXResourcesBuildPhase section */
		728A6E4325CE7F1E000ABD0D /* Resources */ = {
			isa = PBXResourcesBuildPhase;
			buildActionMask = 2147483647;
			files = (
				728A6E5525CE7F20000ABD0D /* LaunchScreen.storyboard in Resources */,
				728A6E5225CE7F20000ABD0D /* Assets.xcassets in Resources */,
				728A6E5025CE7F1E000ABD0D /* Main.storyboard in Resources */,
			);
			runOnlyForDeploymentPostprocessing = 0;
		};
/* End PBXResourcesBuildPhase section */

/* Begin PBXSourcesBuildPhase section */
		728A6E4125CE7F1E000ABD0D /* Sources */ = {
			isa = PBXSourcesBuildPhase;
			buildActionMask = 2147483647;
			files = (
				728A6E4D25CE7F1E000ABD0D /* ViewController.swift in Sources */,
				728A6E4925CE7F1E000ABD0D /* AppDelegate.swift in Sources */,
				728A6E4B25CE7F1E000ABD0D /* SceneDelegate.swift in Sources */,
				728A6E5E25CEC0C2000ABD0D /* Models.swift in Sources */,
			);
			runOnlyForDeploymentPostprocessing = 0;
		};
/* End PBXSourcesBuildPhase section */

/* Begin PBXVariantGroup section */
		728A6E4E25CE7F1E000ABD0D /* Main.storyboard */ = {
			isa = PBXVariantGroup;
			children = (
				728A6E4F25CE7F1E000ABD0D /* Base */,
			);
			name = Main.storyboard;
			sourceTree = "<group>";
		};
		728A6E5325CE7F20000ABD0D /* LaunchScreen.storyboard */ = {
			isa = PBXVariantGroup;
			children = (
				728A6E5425CE7F20000ABD0D /* Base */,
			);
			name = LaunchScreen.storyboard;
			sourceTree = "<group>";
		};
/* End PBXVariantGroup section */

/* Begin XCBuildConfiguration section */
		728A6E5725CE7F20000ABD0D /* Debug */ = {
			isa = XCBuildConfiguration;
			buildSettings = {
				ALWAYS_SEARCH_USER_PATHS = NO;
				CLANG_ANALYZER_NONNULL = YES;
				CLANG_ANALYZER_NUMBER_OBJECT_CONVERSION = YES_AGGRESSIVE;
				CLANG_CXX_LANGUAGE_STANDARD = "gnu++14";
				CLANG_CXX_LIBRARY = "libc++";
				CLANG_ENABLE_MODULES = YES;
				CLANG_ENABLE_OBJC_ARC = YES;
				CLANG_ENABLE_OBJC_WEAK = YES;
				CLANG_WARN_BLOCK_CAPTURE_AUTORELEASING = YES;
				CLANG_WARN_BOOL_CONVERSION = YES;
				CLANG_WARN_COMMA = YES;
				CLANG_WARN_CONSTANT_CONVERSION = YES;
				CLANG_WARN_DEPRECATED_OBJC_IMPLEMENTATIONS = YES;
				CLANG_WARN_DIRECT_OBJC_ISA_USAGE = YES_ERROR;
				CLANG_WARN_DOCUMENTATION_COMMENTS = YES;
				CLANG_WARN_EMPTY_BODY = YES;
				CLANG_WARN_ENUM_CONVERSION = YES;
				CLANG_WARN_INFINITE_RECURSION = YES;
				CLANG_WARN_INT_CONVERSION = YES;
				CLANG_WARN_NON_LITERAL_NULL_CONVERSION = YES;
				CLANG_WARN_OBJC_IMPLICIT_RETAIN_SELF = YES;
				CLANG_WARN_OBJC_LITERAL_CONVERSION = YES;
				CLANG_WARN_OBJC_ROOT_CLASS = YES_ERROR;
				CLANG_WARN_QUOTED_INCLUDE_IN_FRAMEWORK_HEADER = YES;
				CLANG_WARN_RANGE_LOOP_ANALYSIS = YES;
				CLANG_WARN_STRICT_PROTOTYPES = YES;
				CLANG_WARN_SUSPICIOUS_MOVE = YES;
				CLANG_WARN_UNGUARDED_AVAILABILITY = YES_AGGRESSIVE;
				CLANG_WARN_UNREACHABLE_CODE = YES;
				CLANG_WARN__DUPLICATE_METHOD_MATCH = YES;
				COPY_PHASE_STRIP = NO;
				DEBUG_INFORMATION_FORMAT = dwarf;
				ENABLE_STRICT_OBJC_MSGSEND = YES;
				ENABLE_TESTABILITY = YES;
				GCC_C_LANGUAGE_STANDARD = gnu11;
				GCC_DYNAMIC_NO_PIC = NO;
				GCC_NO_COMMON_BLOCKS = YES;
				GCC_OPTIMIZATION_LEVEL = 0;
				GCC_PREPROCESSOR_DEFINITIONS = (
					"DEBUG=1",
					"$(inherited)",
				);
				GCC_WARN_64_TO_32_BIT_CONVERSION = YES;
				GCC_WARN_ABOUT_RETURN_TYPE = YES_ERROR;
				GCC_WARN_UNDECLARED_SELECTOR = YES;
				GCC_WARN_UNINITIALIZED_AUTOS = YES_AGGRESSIVE;
				GCC_WARN_UNUSED_FUNCTION = YES;
				GCC_WARN_UNUSED_VARIABLE = YES;
				IPHONEOS_DEPLOYMENT_TARGET = 14.2;
				MTL_ENABLE_DEBUG_INFO = INCLUDE_SOURCE;
				MTL_FAST_MATH = YES;
				ONLY_ACTIVE_ARCH = YES;
				SDKROOT = iphoneos;
				SWIFT_ACTIVE_COMPILATION_CONDITIONS = DEBUG;
				SWIFT_OPTIMIZATION_LEVEL = "-Onone";
			};
			name = Debug;
		};
		728A6E5825CE7F20000ABD0D /* Release */ = {
			isa = XCBuildConfiguration;
			buildSettings = {
				ALWAYS_SEARCH_USER_PATHS = NO;
				CLANG_ANALYZER_NONNULL = YES;
				CLANG_ANALYZER_NUMBER_OBJECT_CONVERSION = YES_AGGRESSIVE;
				CLANG_CXX_LANGUAGE_STANDARD = "gnu++14";
				CLANG_CXX_LIBRARY = "libc++";
				CLANG_ENABLE_MODULES = YES;
				CLANG_ENABLE_OBJC_ARC = YES;
				CLANG_ENABLE_OBJC_WEAK = YES;
				CLANG_WARN_BLOCK_CAPTURE_AUTORELEASING = YES;
				CLANG_WARN_BOOL_CONVERSION = YES;
				CLANG_WARN_COMMA = YES;
				CLANG_WARN_CONSTANT_CONVERSION = YES;
				CLANG_WARN_DEPRECATED_OBJC_IMPLEMENTATIONS = YES;
				CLANG_WARN_DIRECT_OBJC_ISA_USAGE = YES_ERROR;
				CLANG_WARN_DOCUMENTATION_COMMENTS = YES;
				CLANG_WARN_EMPTY_BODY = YES;
				CLANG_WARN_ENUM_CONVERSION = YES;
				CLANG_WARN_INFINITE_RECURSION = YES;
				CLANG_WARN_INT_CONVERSION = YES;
				CLANG_WARN_NON_LITERAL_NULL_CONVERSION = YES;
				CLANG_WARN_OBJC_IMPLICIT_RETAIN_SELF = YES;
				CLANG_WARN_OBJC_LITERAL_CONVERSION = YES;
				CLANG_WARN_OBJC_ROOT_CLASS = YES_ERROR;
				CLANG_WARN_QUOTED_INCLUDE_IN_FRAMEWORK_HEADER = YES;
				CLANG_WARN_RANGE_LOOP_ANALYSIS = YES;
				CLANG_WARN_STRICT_PROTOTYPES = YES;
				CLANG_WARN_SUSPICIOUS_MOVE = YES;
				CLANG_WARN_UNGUARDED_AVAILABILITY = YES_AGGRESSIVE;
				CLANG_WARN_UNREACHABLE_CODE = YES;
				CLANG_WARN__DUPLICATE_METHOD_MATCH = YES;
				COPY_PHASE_STRIP = NO;
				DEBUG_INFORMATION_FORMAT = "dwarf-with-dsym";
				ENABLE_NS_ASSERTIONS = NO;
				ENABLE_STRICT_OBJC_MSGSEND = YES;
				GCC_C_LANGUAGE_STANDARD = gnu11;
				GCC_NO_COMMON_BLOCKS = YES;
				GCC_WARN_64_TO_32_BIT_CONVERSION = YES;
				GCC_WARN_ABOUT_RETURN_TYPE = YES_ERROR;
				GCC_WARN_UNDECLARED_SELECTOR = YES;
				GCC_WARN_UNINITIALIZED_AUTOS = YES_AGGRESSIVE;
				GCC_WARN_UNUSED_FUNCTION = YES;
				GCC_WARN_UNUSED_VARIABLE = YES;
				IPHONEOS_DEPLOYMENT_TARGET = 14.2;
				MTL_ENABLE_DEBUG_INFO = NO;
				MTL_FAST_MATH = YES;
				SDKROOT = iphoneos;
				SWIFT_COMPILATION_MODE = wholemodule;
				SWIFT_OPTIMIZATION_LEVEL = "-O";
				VALIDATE_PRODUCT = YES;
			};
			name = Release;
		};
		728A6E5A25CE7F20000ABD0D /* Debug */ = {
			isa = XCBuildConfiguration;
			buildSettings = {
				ASSETCATALOG_COMPILER_APPICON_NAME = AppIcon;
				ASSETCATALOG_COMPILER_GLOBAL_ACCENT_COLOR_NAME = AccentColor;
				CODE_SIGN_STYLE = Automatic;
				DEVELOPMENT_TEAM = WFV843AV2U;
				INFOPLIST_FILE = JsonRequest/Info.plist;
				LD_RUNPATH_SEARCH_PATHS = (
					"$(inherited)",
					"@executable_path/Frameworks",
				);
				PRODUCT_BUNDLE_IDENTIFIER = com.kailin.hey.JsonRequest;
				PRODUCT_NAME = "$(TARGET_NAME)";
				SWIFT_VERSION = 5.0;
				TARGETED_DEVICE_FAMILY = "1,2";
			};
			name = Debug;
		};
		728A6E5B25CE7F20000ABD0D /* Release */ = {
			isa = XCBuildConfiguration;
			buildSettings = {
				ASSETCATALOG_COMPILER_APPICON_NAME = AppIcon;
				ASSETCATALOG_COMPILER_GLOBAL_ACCENT_COLOR_NAME = AccentColor;
				CODE_SIGN_STYLE = Automatic;
				DEVELOPMENT_TEAM = WFV843AV2U;
				INFOPLIST_FILE = JsonRequest/Info.plist;
				LD_RUNPATH_SEARCH_PATHS = (
					"$(inherited)",
					"@executable_path/Frameworks",
				);
				PRODUCT_BUNDLE_IDENTIFIER = com.kailin.hey.JsonRequest;
				PRODUCT_NAME = "$(TARGET_NAME)";
				SWIFT_VERSION = 5.0;
				TARGETED_DEVICE_FAMILY = "1,2";
			};
			name = Release;
		};
/* End XCBuildConfiguration section */

/* Begin XCConfigurationList section */
		728A6E4025CE7F1E000ABD0D /* Build configuration list for PBXProject "JsonRequest" */ = {
			isa = XCConfigurationList;
			buildConfigurations = (
				728A6E5725CE7F20000ABD0D /* Debug */,
				728A6E5825CE7F20000ABD0D /* Release */,
			);
			defaultConfigurationIsVisible = 0;
			defaultConfigurationName = Release;
		};
		728A6E5925CE7F20000ABD0D /* Build configuration list for PBXNativeTarget "JsonRequest" */ = {
			isa = XCConfigurationList;
			buildConfigurations = (
				728A6E5A25CE7F20000ABD0D /* Debug */,
				728A6E5B25CE7F20000ABD0D /* Release */,
			);
			defaultConfigurationIsVisible = 0;
			defaultConfigurationName = Release;
		};
/* End XCConfigurationList section */
	};
	rootObject = 728A6E3D25CE7F1E000ABD0D /* Project object */;
}
